{
  "name": "hyde-build-tool",
  "version": "1.0.11",
  "lockfileVersion": 1,
  "requires": true,
  "dependencies": {
    "http-server-editor": {
      "version": "1.0.31",
      "resolved": "https://registry.npmjs.org/http-server-editor/-/http-server-editor-1.0.31.tgz",
      "integrity": "sha512-7taY9Vr/e9UsmmVsZpY+mp+8OLl2IkOm0OlXA26VVYPzeY8kMuUPj+D6OaCj8Wm2qmsuzQj6XIIduAYSfSZ6NQ==",
      "requires": {
        "sketch-n-sketch": "^1.2.0"
      }
    },
    "sketch-n-sketch": {
      "version": "1.2.0",
      "resolved": "https://registry.npmjs.org/sketch-n-sketch/-/sketch-n-sketch-1.2.0.tgz",
      "integrity": "sha512-sJgT5RtT0Anv2xpR3IesRaQmGg+e2hDwf/NFU/ZZ2Rcl+ifE1txfKauhRb1Q0uMNIUalWK5EHgjmXVGZmQUvwQ=="
    }
  }
}
