{
  "name": "hyde-build-tool",
  "version": "1.0.12",
  "lockfileVersion": 1,
  "requires": true,
  "dependencies": {
    "http-server-editor": {
      "version": "1.0.32",
      "resolved": "https://registry.npmjs.org/http-server-editor/-/http-server-editor-1.0.32.tgz",
      "integrity": "sha512-ZTFO+q5/0AhDhTSScc60anJ8mgmvzx03Suk/GizxwKHfyS6yj3kV2GEAak9DW/pCl2DsZfTyw2OG9gofEw6EgQ==",
      "requires": {
        "sketch-n-sketch": "^1.2.0"
      }
    },
    "sketch-n-sketch": {
      "version": "1.2.0",
      "resolved": "https://registry.npmjs.org/sketch-n-sketch/-/sketch-n-sketch-1.2.0.tgz",
      "integrity": "sha512-sJgT5RtT0Anv2xpR3IesRaQmGg+e2hDwf/NFU/ZZ2Rcl+ifE1txfKauhRb1Q0uMNIUalWK5EHgjmXVGZmQUvwQ=="
    }
  }
}
